
Microsoft Visual Studio Solution File, Format Version 12.00
# Visual Studio Version 17
VisualStudioVersion = 17.1.32421.90
MinimumVisualStudioVersion = 10.0.40219.1
Project("{FAE04EC0-301F-11D3-BF4B-00C04F79EFBC}") = "JwtAuth", "JwtAuth\JwtAuth.csproj", "{7EAB8A7D-9A38-4FD3-AAA2-232B78A90234}"
EndProject
Global
	GlobalSection(SolutionConfigurationPlatforms) = preSolution
		Debug|Any CPU = Debug|Any CPU
		Release|Any CPU = Release|Any CPU
	EndGlobalSection
	GlobalSection(ProjectConfigurationPlatforms) = postSolution
		{7EAB8A7D-9A38-4FD3-AAA2-232B78A90234}.Debug|Any CPU.ActiveCfg = Debug|Any CPU
		{7EAB8A7D-9A38-4FD3-AAA2-232B78A90234}.Debug|Any CPU.Build.0 = Debug|Any CPU
		{7EAB8A7D-9A38-4FD3-AAA2-232B78A90234}.Release|Any CPU.ActiveCfg = Release|Any CPU
		{7EAB8A7D-9A38-4FD3-AAA2-232B78A90234}.Release|Any CPU.Build.0 = Release|Any CPU
	EndGlobalSection
	GlobalSection(SolutionProperties) = preSolution
		HideSolutionNode = FALSE
	EndGlobalSection
	GlobalSection(ExtensibilityGlobals) = postSolution
		SolutionGuid = {EB9300A7-1674-4A18-8A29-239457A3FDF8}
	EndGlobalSection
EndGlobal
